{
  "name": "search-replace-notebook-extension",
  "version": "0.1.0",
  "lockfileVersion": 1,
  "requires": true,
  "dependencies": {
    "@types/minimist": {
      "version": "1.2.0",
      "resolved": "https://registry.npmjs.org/@types/minimist/-/minimist-1.2.0.tgz",
      "integrity": "sha1-aaI6OtKcrwCX8G7aWbNh7i8GOfY="
    },
    "@types/text-encoding": {
      "version": "0.0.30",
      "resolved": "https://registry.npmjs.org/@types/text-encoding/-/text-encoding-0.0.30.tgz",
      "integrity": "sha1-Kte8GShwlMnSdU0jjgmU3SmVeB8="
    },
    "balanced-match": {
      "version": "1.0.0",
      "resolved": "https://registry.npmjs.org/balanced-match/-/balanced-match-1.0.0.tgz",
      "integrity": "sha1-ibTRmasr7kneFk6gK4nORi1xt2c=",
      "dev": true
    },
    "brace-expansion": {
      "version": "1.1.11",
      "resolved": "https://registry.npmjs.org/brace-expansion/-/brace-expansion-1.1.11.tgz",
      "integrity": "sha512-iCuPHDFgrHX7H2vEI/5xpz07zSHB00TpugqhmYtVmMO6518mCuRMoOYFldEBl0g187ufozdaHgWKcYFb61qGiA==",
      "dev": true,
      "requires": {
        "balanced-match": "1.0.0",
        "concat-map": "0.0.1"
      }
    },
    "codemirror": {
      "version": "5.35.0",
      "resolved": "https://registry.npmjs.org/codemirror/-/codemirror-5.35.0.tgz",
      "integrity": "sha512-8HQICjZlDfe1ai7bvU6m2uHxuZuFgsUCdDRU9OHVB+2RTRd+FftN1ezVCqbquG0Fyq+wETqyadKhUX46DswSUQ=="
    },
    "commander": {
      "version": "2.16.0",
      "resolved": "https://registry.npmjs.org/commander/-/commander-2.16.0.tgz",
      "integrity": "sha512-sVXqklSaotK9at437sFlFpyOcJonxe0yST/AG9DkQKUdIE6IqGIMv4SfAQSKaJbSdVEJYItASCrBiVQHq1HQew=="
    },
    "concat-map": {
      "version": "0.0.1",
      "resolved": "https://registry.npmjs.org/concat-map/-/concat-map-0.0.1.tgz",
      "integrity": "sha1-2Klr13/Wjfd5OnMDajug1UBdR3s=",
      "dev": true
    },
    "core-util-is": {
      "version": "1.0.2",
      "resolved": "https://registry.npmjs.org/core-util-is/-/core-util-is-1.0.2.tgz",
      "integrity": "sha1-tf1UIgqivFq1eqtxQMlAdUUDwac="
    },
    "d3-dsv": {
      "version": "1.0.8",
      "resolved": "https://registry.npmjs.org/d3-dsv/-/d3-dsv-1.0.8.tgz",
      "integrity": "sha512-IVCJpQ+YGe3qu6odkPQI0KPqfxkhbP/oM1XhhE/DFiYmcXKfCRub4KXyiuehV1d4drjWVXHUWx4gHqhdZb6n/A==",
      "requires": {
        "commander": "2.16.0",
        "iconv-lite": "0.4.23",
        "rw": "1.3.3"
      }
    },
    "dom-serializer": {
      "version": "0.1.0",
      "resolved": "https://registry.npmjs.org/dom-serializer/-/dom-serializer-0.1.0.tgz",
      "integrity": "sha1-BzxpdUbOB4DOI75KKOKT5AvDDII=",
      "requires": {
        "domelementtype": "1.1.3",
        "entities": "1.1.1"
      },
      "dependencies": {
        "domelementtype": {
          "version": "1.1.3",
          "resolved": "https://registry.npmjs.org/domelementtype/-/domelementtype-1.1.3.tgz",
          "integrity": "sha1-vSh3PiZCiBrsUVRJJCmcXNgiGFs="
        }
      }
    },
    "domelementtype": {
      "version": "1.3.0",
      "resolved": "https://registry.npmjs.org/domelementtype/-/domelementtype-1.3.0.tgz",
      "integrity": "sha1-sXrtguirWeUt2cGbF1bg/BhyBMI="
    },
    "domhandler": {
      "version": "2.4.2",
      "resolved": "https://registry.npmjs.org/domhandler/-/domhandler-2.4.2.tgz",
      "integrity": "sha512-JiK04h0Ht5u/80fdLMCEmV4zkNh2BcoMFBmZ/91WtYZ8qVXSKjiw7fXMgFPnHcSZgOo3XdinHvmnDUeMf5R4wA==",
      "requires": {
        "domelementtype": "1.3.0"
      }
    },
    "domutils": {
      "version": "1.7.0",
      "resolved": "https://registry.npmjs.org/domutils/-/domutils-1.7.0.tgz",
      "integrity": "sha512-Lgd2XcJ/NjEw+7tFvfKxOzCYKZsdct5lczQ2ZaQY8Djz7pfAD3Gbp8ySJWtreII/vDlMVmxwa6pHmdxIYgttDg==",
      "requires": {
        "dom-serializer": "0.1.0",
        "domelementtype": "1.3.0"
      }
    },
    "entities": {
      "version": "1.1.1",
      "resolved": "https://registry.npmjs.org/entities/-/entities-1.1.1.tgz",
      "integrity": "sha1-blwtClYhtdra7O+AuQ7ftc13cvA="
    },
    "es6-promise": {
      "version": "3.3.1",
      "resolved": "https://registry.npmjs.org/es6-promise/-/es6-promise-3.3.1.tgz",
      "integrity": "sha1-oIzd6EzNvzTQJ6FFG8kdS80ophM="
    },
    "fs.realpath": {
      "version": "1.0.0",
      "resolved": "https://registry.npmjs.org/fs.realpath/-/fs.realpath-1.0.0.tgz",
      "integrity": "sha1-FQStJSMVjKpA20onh8sBQRmU6k8=",
      "dev": true
    },
    "glob": {
      "version": "7.1.2",
      "resolved": "https://registry.npmjs.org/glob/-/glob-7.1.2.tgz",
      "integrity": "sha512-MJTUg1kjuLeQCJ+ccE4Vpa6kKVXkPYJ2mOCQyUuKLcLQsdrMCpBPUi8qVE6+YuaJkozeA9NusTAw3hLr8Xe5EQ==",
      "dev": true,
      "requires": {
        "fs.realpath": "1.0.0",
        "inflight": "1.0.6",
        "inherits": "2.0.3",
        "minimatch": "3.0.4",
        "once": "1.4.0",
        "path-is-absolute": "1.0.1"
      }
    },
    "htmlparser2": {
      "version": "3.9.2",
      "resolved": "https://registry.npmjs.org/htmlparser2/-/htmlparser2-3.9.2.tgz",
      "integrity": "sha1-G9+HrMoPP55T+k/M6w9LTLsAszg=",
      "requires": {
        "domelementtype": "1.3.0",
        "domhandler": "2.4.2",
        "domutils": "1.7.0",
        "entities": "1.1.1",
        "inherits": "2.0.3",
        "readable-stream": "2.3.6"
      }
    },
    "iconv-lite": {
      "version": "0.4.23",
      "resolved": "https://registry.npmjs.org/iconv-lite/-/iconv-lite-0.4.23.tgz",
      "integrity": "sha512-neyTUVFtahjf0mB3dZT77u+8O0QB89jFdnBkd5P1JgYPbPaia3gXXOVL2fq8VyU2gMMD7SaN7QukTB/pmXYvDA==",
      "requires": {
        "safer-buffer": "2.1.2"
      }
    },
    "inflight": {
      "version": "1.0.6",
      "resolved": "https://registry.npmjs.org/inflight/-/inflight-1.0.6.tgz",
      "integrity": "sha1-Sb1jMdfQLQwJvJEKEHW6gWW1bfk=",
      "dev": true,
      "requires": {
        "once": "1.4.0",
        "wrappy": "1.0.2"
      }
    },
    "inherits": {
      "version": "2.0.3",
      "resolved": "https://registry.npmjs.org/inherits/-/inherits-2.0.3.tgz",
      "integrity": "sha1-Yzwsg+PaQqUC9SRmAiSA9CCCYd4="
    },
    "isarray": {
      "version": "1.0.0",
      "resolved": "https://registry.npmjs.org/isarray/-/isarray-1.0.0.tgz",
      "integrity": "sha1-u5NdSFgsuhaMBoNJV6VKPgcSTxE="
    },
    "jupyterlab": {
      "version": "0.17.5",
      "resolved": "https://registry.npmjs.org/jupyterlab/-/jupyterlab-0.17.5.tgz",
      "integrity": "sha1-9futDF15LgDGur5b5k6PDo+9Orw=",
      "requires": {
        "@jupyterlab/services": "0.39.1",
        "@phosphor/algorithm": "0.1.1",
        "@phosphor/application": "0.1.5",
        "@phosphor/commands": "0.1.5",
        "@phosphor/coreutils": "0.1.5",
        "@phosphor/disposable": "0.1.1",
        "@phosphor/domutils": "0.1.2",
        "@phosphor/dragdrop": "0.1.4",
        "@phosphor/keyboard": "0.1.1",
        "@phosphor/messaging": "0.1.2",
        "@phosphor/properties": "0.1.1",
        "@phosphor/signaling": "0.1.2",
        "@phosphor/virtualdom": "0.1.1",
        "@phosphor/widgets": "0.1.7",
        "ansi_up": "1.3.0",
        "codemirror": "5.35.0",
        "d3-dsv": "1.0.8",
        "es6-promise": "3.3.1",
        "marked": "0.3.19",
        "moment": "2.21.0",
        "sanitize-html": "1.14.3",
        "semver": "5.5.0",
        "xterm": "2.9.2"
      },
      "dependencies": {
        "@jupyterlab/services": {
          "version": "0.39.1",
          "resolved": "https://registry.npmjs.org/@jupyterlab/services/-/services-0.39.1.tgz",
          "integrity": "sha1-8YfM27I0jJoJchjUxOy7uov0rs4=",
          "requires": {
            "@phosphor/algorithm": "0.1.1",
            "@phosphor/coreutils": "0.1.5",
            "@phosphor/disposable": "0.1.1",
            "@phosphor/signaling": "0.1.2",
            "@types/minimist": "1.2.0",
            "@types/text-encoding": "0.0.30",
            "minimist": "1.2.0",
            "path-posix": "1.0.0",
            "url": "0.11.0",
            "url-join": "1.1.0"
          }
        },
        "@phosphor/algorithm": {
          "version": "0.1.1",
          "resolved": "https://registry.npmjs.org/@phosphor/algorithm/-/algorithm-0.1.1.tgz",
          "integrity": "sha1-4m9qSim/48GP/a4yKGmGE5vuKdk="
        },
        "@phosphor/application": {
          "version": "0.1.5",
          "resolved": "https://registry.npmjs.org/@phosphor/application/-/application-0.1.5.tgz",
          "integrity": "sha1-iuMzlg+M1VdgWg7bxBoIewQtiK4=",
          "requires": {
            "@phosphor/commands": "0.1.5",
            "@phosphor/coreutils": "0.1.5",
            "@phosphor/widgets": "0.1.7"
          }
        },
        "@phosphor/collections": {
          "version": "0.1.1",
          "resolved": "https://registry.npmjs.org/@phosphor/collections/-/collections-0.1.1.tgz",
          "integrity": "sha1-9P0KfP3iITYyfKBj/+HUtwwcRRg=",
          "requires": {
            "@phosphor/algorithm": "0.1.1"
          }
        },
        "@phosphor/commands": {
          "version": "0.1.5",
          "resolved": "https://registry.npmjs.org/@phosphor/commands/-/commands-0.1.5.tgz",
          "integrity": "sha1-u2K75AxDyEonZ24XQ6mXyr9DXac=",
          "requires": {
            "@phosphor/algorithm": "0.1.1",
            "@phosphor/coreutils": "0.1.5",
            "@phosphor/disposable": "0.1.1",
            "@phosphor/domutils": "0.1.2",
            "@phosphor/keyboard": "0.1.1",
            "@phosphor/signaling": "0.1.2"
          }
        },
        "@phosphor/coreutils": {
          "version": "0.1.5",
          "resolved": "https://registry.npmjs.org/@phosphor/coreutils/-/coreutils-0.1.5.tgz",
          "integrity": "sha1-dsEgPnwHin3u4JujwYxXIfIW7Xk="
        },
        "@phosphor/disposable": {
          "version": "0.1.1",
          "resolved": "https://registry.npmjs.org/@phosphor/disposable/-/disposable-0.1.1.tgz",
          "integrity": "sha1-FFBiEy+TsTfLx+oxMPp7upY+l7c=",
          "requires": {
            "@phosphor/algorithm": "0.1.1"
          }
        },
        "@phosphor/domutils": {
          "version": "0.1.2",
          "resolved": "https://registry.npmjs.org/@phosphor/domutils/-/domutils-0.1.2.tgz",
          "integrity": "sha1-zAvkq2xWQjv0s03blEcVFR73ioo="
        },
        "@phosphor/dragdrop": {
          "version": "0.1.4",
          "resolved": "https://registry.npmjs.org/@phosphor/dragdrop/-/dragdrop-0.1.4.tgz",
          "integrity": "sha1-KAaBBydtKSyCHPdqTDf6SdYgWwA=",
          "requires": {
            "@phosphor/coreutils": "0.1.5",
            "@phosphor/disposable": "0.1.1"
          }
        },
        "@phosphor/keyboard": {
          "version": "0.1.1",
          "resolved": "https://registry.npmjs.org/@phosphor/keyboard/-/keyboard-0.1.1.tgz",
          "integrity": "sha1-MSJtDwqCXgsMnGc/ra2MOkcXbYw="
        },
        "@phosphor/messaging": {
          "version": "0.1.2",
          "resolved": "https://registry.npmjs.org/@phosphor/messaging/-/messaging-0.1.2.tgz",
          "integrity": "sha1-fhPvVVoG2xhRizn9+coFMSvv+8k=",
          "requires": {
            "@phosphor/algorithm": "0.1.1",
            "@phosphor/collections": "0.1.1"
          }
        },
        "@phosphor/properties": {
          "version": "0.1.1",
          "resolved": "https://registry.npmjs.org/@phosphor/properties/-/properties-0.1.1.tgz",
          "integrity": "sha1-+JlzuZ76nxtPMHhzh/GJwHCCeaM="
        },
        "@phosphor/signaling": {
          "version": "0.1.2",
          "resolved": "https://registry.npmjs.org/@phosphor/signaling/-/signaling-0.1.2.tgz",
          "integrity": "sha1-uZzSi2TI4ZWW1QwP/vRZlGcvM9o=",
          "requires": {
            "@phosphor/algorithm": "0.1.1"
          }
        },
        "@phosphor/virtualdom": {
          "version": "0.1.1",
          "resolved": "https://registry.npmjs.org/@phosphor/virtualdom/-/virtualdom-0.1.1.tgz",
          "integrity": "sha1-2s0CFicN1GU9FzYI7TmLRLzQVxs=",
          "requires": {
            "@phosphor/algorithm": "0.1.1"
          }
        },
        "@phosphor/widgets": {
          "version": "0.1.7",
          "resolved": "https://registry.npmjs.org/@phosphor/widgets/-/widgets-0.1.7.tgz",
          "integrity": "sha1-ScRHn/X1gXbx0GjwyOdohFwQ70c=",
          "requires": {
            "@phosphor/algorithm": "0.1.1",
            "@phosphor/commands": "0.1.5",
            "@phosphor/coreutils": "0.1.5",
            "@phosphor/disposable": "0.1.1",
            "@phosphor/domutils": "0.1.2",
            "@phosphor/dragdrop": "0.1.4",
            "@phosphor/keyboard": "0.1.1",
            "@phosphor/messaging": "0.1.2",
            "@phosphor/properties": "0.1.1",
            "@phosphor/signaling": "0.1.2",
            "@phosphor/virtualdom": "0.1.1"
          }
        },
        "ansi_up": {
          "version": "1.3.0",
          "resolved": "https://registry.npmjs.org/ansi_up/-/ansi_up-1.3.0.tgz",
          "integrity": "sha1-yclGv8C5u16qBgaEvyq6r+aLvUQ="
        }
      }
    },
    "lodash.escaperegexp": {
      "version": "4.1.2",
      "resolved": "https://registry.npmjs.org/lodash.escaperegexp/-/lodash.escaperegexp-4.1.2.tgz",
      "integrity": "sha1-ZHYsSGGAglGKw99Mz11YhtriA0c="
    },
    "marked": {
      "version": "0.3.19",
      "resolved": "https://registry.npmjs.org/marked/-/marked-0.3.19.tgz",
      "integrity": "sha512-ea2eGWOqNxPcXv8dyERdSr/6FmzvWwzjMxpfGB/sbMccXoct+xY+YukPD+QTUZwyvK7BZwcr4m21WBOW41pAkg=="
    },
    "minimatch": {
      "version": "3.0.4",
      "resolved": "https://registry.npmjs.org/minimatch/-/minimatch-3.0.4.tgz",
      "integrity": "sha512-yJHVQEhyqPLUTgt9B83PXu6W3rx4MvvHvSUvToogpwoGDOUQ+yDrR0HRot+yOCdCO7u4hX3pWft6kWBBcqh0UA==",
      "dev": true,
      "requires": {
        "brace-expansion": "1.1.11"
      }
    },
    "minimist": {
      "version": "1.2.0",
      "resolved": "https://registry.npmjs.org/minimist/-/minimist-1.2.0.tgz",
      "integrity": "sha1-o1AIsg9BOD7sH7kU9M1d95omQoQ="
    },
    "moment": {
      "version": "2.21.0",
      "resolved": "https://registry.npmjs.org/moment/-/moment-2.21.0.tgz",
      "integrity": "sha512-TCZ36BjURTeFTM/CwRcViQlfkMvL1/vFISuNLO5GkcVm1+QHfbSiNqZuWeMFjj1/3+uAjXswgRk30j1kkLYJBQ=="
    },
    "once": {
      "version": "1.4.0",
      "resolved": "https://registry.npmjs.org/once/-/once-1.4.0.tgz",
      "integrity": "sha1-WDsap3WWHUsROsF9nFC6753Xa9E=",
      "dev": true,
      "requires": {
        "wrappy": "1.0.2"
      }
    },
    "path-is-absolute": {
      "version": "1.0.1",
      "resolved": "https://registry.npmjs.org/path-is-absolute/-/path-is-absolute-1.0.1.tgz",
      "integrity": "sha1-F0uSaHNVNP+8es5r9TpanhtcX18=",
      "dev": true
    },
    "path-posix": {
      "version": "1.0.0",
      "resolved": "https://registry.npmjs.org/path-posix/-/path-posix-1.0.0.tgz",
      "integrity": "sha1-BrJhE/Vr6rBCVFojv6iAA8ysJg8="
    },
    "process-nextick-args": {
      "version": "2.0.0",
      "resolved": "https://registry.npmjs.org/process-nextick-args/-/process-nextick-args-2.0.0.tgz",
      "integrity": "sha512-MtEC1TqN0EU5nephaJ4rAtThHtC86dNN9qCuEhtshvpVBkAW5ZO7BASN9REnF9eoXGcRub+pFuKEpOHE+HbEMw=="
    },
    "punycode": {
      "version": "1.3.2",
      "resolved": "https://registry.npmjs.org/punycode/-/punycode-1.3.2.tgz",
      "integrity": "sha1-llOgNvt8HuQjQvIyXM7v6jkmxI0="
    },
    "querystring": {
      "version": "0.2.0",
      "resolved": "https://registry.npmjs.org/querystring/-/querystring-0.2.0.tgz",
      "integrity": "sha1-sgmEkgO7Jd+CDadW50cAWHhSFiA="
    },
    "readable-stream": {
      "version": "2.3.6",
      "resolved": "https://registry.npmjs.org/readable-stream/-/readable-stream-2.3.6.tgz",
      "integrity": "sha512-tQtKA9WIAhBF3+VLAseyMqZeBjW0AHJoxOtYqSUZNJxauErmLbVm2FW1y+J/YA9dUrAC39ITejlZWhVIwawkKw==",
      "requires": {
        "core-util-is": "1.0.2",
        "inherits": "2.0.3",
        "isarray": "1.0.0",
        "process-nextick-args": "2.0.0",
        "safe-buffer": "5.1.2",
        "string_decoder": "1.1.1",
        "util-deprecate": "1.0.2"
      }
    },
    "rimraf": {
      "version": "2.6.2",
      "resolved": "https://registry.npmjs.org/rimraf/-/rimraf-2.6.2.tgz",
      "integrity": "sha512-lreewLK/BlghmxtfH36YYVg1i8IAce4TI7oao75I1g245+6BctqTVQiBP3YUJ9C6DQOXJmkYR9X9fCLtCOJc5w==",
      "dev": true,
      "requires": {
        "glob": "7.1.2"
      }
    },
    "rw": {
      "version": "1.3.3",
      "resolved": "https://registry.npmjs.org/rw/-/rw-1.3.3.tgz",
      "integrity": "sha1-P4Yt+pGrdmsUiF700BEkv9oHT7Q="
    },
    "safe-buffer": {
      "version": "5.1.2",
      "resolved": "https://registry.npmjs.org/safe-buffer/-/safe-buffer-5.1.2.tgz",
      "integrity": "sha512-Gd2UZBJDkXlY7GbJxfsE8/nvKkUEU1G38c1siN6QP6a9PT9MmHB8GnpscSmMJSoF8LOIrt8ud/wPtojys4G6+g=="
    },
    "safer-buffer": {
      "version": "2.1.2",
      "resolved": "https://registry.npmjs.org/safer-buffer/-/safer-buffer-2.1.2.tgz",
      "integrity": "sha512-YZo3K82SD7Riyi0E1EQPojLz7kpepnSQI9IyPbHHg1XXXevb5dJI7tpyN2ADxGcQbHG7vcyRHk0cbwqcQriUtg=="
    },
    "sanitize-html": {
      "version": "1.14.3",
      "resolved": "https://registry.npmjs.org/sanitize-html/-/sanitize-html-1.14.3.tgz",
      "integrity": "sha512-6tjiqhsgfQYNS+5B078RKDij7hSnQtNbWNQVJMjbCYT7XMtBeJLKrqbMT6+o2kva6SqMubcy/CS76/Bs6z49SQ==",
      "requires": {
        "htmlparser2": "3.9.2",
        "lodash.escaperegexp": "4.1.2",
        "xtend": "4.0.1"
      }
    },
    "semver": {
      "version": "5.5.0",
      "resolved": "https://registry.npmjs.org/semver/-/semver-5.5.0.tgz",
      "integrity": "sha512-4SJ3dm0WAwWy/NVeioZh5AntkdJoWKxHxcmyP622fOkgHa4z3R0TdBJICINyaSDE6uNwVc8gZr+ZinwZAH4xIA=="
    },
    "string_decoder": {
      "version": "1.1.1",
      "resolved": "https://registry.npmjs.org/string_decoder/-/string_decoder-1.1.1.tgz",
      "integrity": "sha512-n/ShnvDi6FHbbVfviro+WojiFzv+s8MPMHBczVePfUpDJLwoLT0ht1l4YwBCbi8pJAveEEdnkHyPyTP/mzRfwg==",
      "requires": {
        "safe-buffer": "5.1.2"
      }
    },
    "typescript": {
      "version": "2.9.2",
      "resolved": "https://registry.npmjs.org/typescript/-/typescript-2.9.2.tgz",
      "integrity": "sha512-Gr4p6nFNaoufRIY4NMdpQRNmgxVIGMs4Fcu/ujdYk3nAZqk7supzBE9idmvfZIlH/Cuj//dvi+019qEue9lV0w==",
      "dev": true
    },
    "url": {
      "version": "0.11.0",
      "resolved": "https://registry.npmjs.org/url/-/url-0.11.0.tgz",
      "integrity": "sha1-ODjpfPxgUh63PFJajlW/3Z4uKPE=",
      "requires": {
        "punycode": "1.3.2",
        "querystring": "0.2.0"
      }
    },
    "url-join": {
      "version": "1.1.0",
      "resolved": "https://registry.npmjs.org/url-join/-/url-join-1.1.0.tgz",
      "integrity": "sha1-dBxsL0WWxIMNZxhGCSDQySIC3Hg="
    },
    "util-deprecate": {
      "version": "1.0.2",
      "resolved": "https://registry.npmjs.org/util-deprecate/-/util-deprecate-1.0.2.tgz",
      "integrity": "sha1-RQ1Nyfpw3nMnYvvS1KKJgUGaDM8="
    },
    "wrappy": {
      "version": "1.0.2",
      "resolved": "https://registry.npmjs.org/wrappy/-/wrappy-1.0.2.tgz",
      "integrity": "sha1-tSQ9jz7BqjXxNkYFvA0QNuMKtp8=",
      "dev": true
    },
    "xtend": {
      "version": "4.0.1",
      "resolved": "https://registry.npmjs.org/xtend/-/xtend-4.0.1.tgz",
      "integrity": "sha1-pcbVMr5lbiPbgg77lDofBJmNY68="
    },
    "xterm": {
      "version": "2.9.2",
      "resolved": "https://registry.npmjs.org/xterm/-/xterm-2.9.2.tgz",
      "integrity": "sha512-mdfPk9nY6WmKkMDIZUL6xVIpJoP6JLv3mQ2hA490e2DboUlTWt2f60cTnTT20ZYFU11mx9OgVCcqhDI7vOAQ5Q=="
    }
  }
}
